// !$*UTF8*$!
{
	archiveVersion = 1;
	classes = {
	};
	objectVersion = 50;
	objects = {

/* Begin PBXBuildFile section */
		2C80E9E024CFCC7E00FEF03D /* MovieDetails.storyboard in Resources */ = {isa = PBXBuildFile; fileRef = 2C80E9DF24CFCC7E00FEF03D /* MovieDetails.storyboard */; };
		2C80E9E224CFD1AE00FEF03D /* MovieDetailsViewController.swift in Sources */ = {isa = PBXBuildFile; fileRef = 2C80E9E124CFD1AE00FEF03D /* MovieDetailsViewController.swift */; };
		2C9F11E724CF837300652C19 /* MovieHomeCell.swift in Sources */ = {isa = PBXBuildFile; fileRef = 2C9F11E624CF837300652C19 /* MovieHomeCell.swift */; };
		2CAA4F2324D070A300D1767F /* README.md in Resources */ = {isa = PBXBuildFile; fileRef = 2CAA4F2224D070A300D1767F /* README.md */; };
		2CDEB45324CF45BF00F2CDAC /* HomeMoviesViewController.swift in Sources */ = {isa = PBXBuildFile; fileRef = 2CDEB45224CF45BF00F2CDAC /* HomeMoviesViewController.swift */; };
		2CDEB45524CF497D00F2CDAC /* MovieResponse.swift in Sources */ = {isa = PBXBuildFile; fileRef = 2CDEB45424CF497D00F2CDAC /* MovieResponse.swift */; };
		2CDEB45724CF4A3300F2CDAC /* Movie.swift in Sources */ = {isa = PBXBuildFile; fileRef = 2CDEB45624CF4A3300F2CDAC /* Movie.swift */; };
		2CDEB45924CF4BA500F2CDAC /* MovieService.swift in Sources */ = {isa = PBXBuildFile; fileRef = 2CDEB45824CF4BA500F2CDAC /* MovieService.swift */; };
		2CDEB45A24CF4CF900F2CDAC /* ConfigVariables.swift in Sources */ = {isa = PBXBuildFile; fileRef = 2CDEB44624CF446C00F2CDAC /* ConfigVariables.swift */; };
		2CDEB45C24CF625B00F2CDAC /* MovieErrors.swift in Sources */ = {isa = PBXBuildFile; fileRef = 2CDEB45B24CF625B00F2CDAC /* MovieErrors.swift */; };
		2CDEB45E24CF62A200F2CDAC /* MovieEndpoints.swift in Sources */ = {isa = PBXBuildFile; fileRef = 2CDEB45D24CF62A200F2CDAC /* MovieEndpoints.swift */; };
		2CDEB46824CF6D8400F2CDAC /* ConfigVariables.swift in Resources */ = {isa = PBXBuildFile; fileRef = 2CDEB44624CF446C00F2CDAC /* ConfigVariables.swift */; };
		2CDEB47424CF6E0900F2CDAC /* Comfortaa-SemiBold.ttf in Resources */ = {isa = PBXBuildFile; fileRef = 2CDEB46B24CF6E0900F2CDAC /* Comfortaa-SemiBold.ttf */; };
		2CDEB47524CF6E0900F2CDAC /* AirbnbCereal-Light.ttf in Resources */ = {isa = PBXBuildFile; fileRef = 2CDEB46C24CF6E0900F2CDAC /* AirbnbCereal-Light.ttf */; };
		2CDEB47624CF6E0900F2CDAC /* Comfortaa-Light.ttf in Resources */ = {isa = PBXBuildFile; fileRef = 2CDEB46D24CF6E0900F2CDAC /* Comfortaa-Light.ttf */; };
		2CDEB47724CF6E0900F2CDAC /* Comfortaa-Regular.ttf in Resources */ = {isa = PBXBuildFile; fileRef = 2CDEB46E24CF6E0900F2CDAC /* Comfortaa-Regular.ttf */; };
		2CDEB47824CF6E0900F2CDAC /* AirbnbCereal-Medium.ttf in Resources */ = {isa = PBXBuildFile; fileRef = 2CDEB46F24CF6E0900F2CDAC /* AirbnbCereal-Medium.ttf */; };
		2CDEB47924CF6E0900F2CDAC /* Comfortaa-Bold.ttf in Resources */ = {isa = PBXBuildFile; fileRef = 2CDEB47024CF6E0900F2CDAC /* Comfortaa-Bold.ttf */; };
		2CDEB47A24CF6E0900F2CDAC /* AirbnbCereal-Book.ttf in Resources */ = {isa = PBXBuildFile; fileRef = 2CDEB47124CF6E0900F2CDAC /* AirbnbCereal-Book.ttf */; };
		2CDEB47B24CF6E0900F2CDAC /* Comfortaa-Medium.ttf in Resources */ = {isa = PBXBuildFile; fileRef = 2CDEB47224CF6E0900F2CDAC /* Comfortaa-Medium.ttf */; };
		2CDEB47C24CF6E0900F2CDAC /* AirbnbCereal-Bold.ttf in Resources */ = {isa = PBXBuildFile; fileRef = 2CDEB47324CF6E0900F2CDAC /* AirbnbCereal-Bold.ttf */; };
		2CDEB47E24CF6E5B00F2CDAC /* Config.plist in Resources */ = {isa = PBXBuildFile; fileRef = 2CDEB47D24CF6E5B00F2CDAC /* Config.plist */; };
		2CE1CB4024CF428A00F84918 /* AppDelegate.swift in Sources */ = {isa = PBXBuildFile; fileRef = 2CE1CB3F24CF428A00F84918 /* AppDelegate.swift */; };
		2CE1CB4224CF428A00F84918 /* SceneDelegate.swift in Sources */ = {isa = PBXBuildFile; fileRef = 2CE1CB4124CF428A00F84918 /* SceneDelegate.swift */; };
		2CE1CB4624CF428A00F84918 /* SecondViewController.swift in Sources */ = {isa = PBXBuildFile; fileRef = 2CE1CB4524CF428A00F84918 /* SecondViewController.swift */; };
		2CE1CB4924CF428A00F84918 /* Main.storyboard in Resources */ = {isa = PBXBuildFile; fileRef = 2CE1CB4724CF428A00F84918 /* Main.storyboard */; };
		2CE1CB4B24CF428D00F84918 /* Assets.xcassets in Resources */ = {isa = PBXBuildFile; fileRef = 2CE1CB4A24CF428D00F84918 /* Assets.xcassets */; };
		2CE1CB4E24CF428D00F84918 /* LaunchScreen.storyboard in Resources */ = {isa = PBXBuildFile; fileRef = 2CE1CB4C24CF428D00F84918 /* LaunchScreen.storyboard */; };
		E4700AD661B221E2E8FF2078 /* Pods_FlixStream.framework in Frameworks */ = {isa = PBXBuildFile; fileRef = 1E3B60484BCB5F7803414534 /* Pods_FlixStream.framework */; };
/* End PBXBuildFile section */

/* Begin PBXFileReference section */
		0EE7821E76CE7804854D1BB3 /* Pods-FlixStream.debug.xcconfig */ = {isa = PBXFileReference; includeInIndex = 1; lastKnownFileType = text.xcconfig; name = "Pods-FlixStream.debug.xcconfig"; path = "Target Support Files/Pods-FlixStream/Pods-FlixStream.debug.xcconfig"; sourceTree = "<group>"; };
		1E3B60484BCB5F7803414534 /* Pods_FlixStream.framework */ = {isa = PBXFileReference; explicitFileType = wrapper.framework; includeInIndex = 0; path = Pods_FlixStream.framework; sourceTree = BUILT_PRODUCTS_DIR; };
		2C80E9DF24CFCC7E00FEF03D /* MovieDetails.storyboard */ = {isa = PBXFileReference; lastKnownFileType = file.storyboard; path = MovieDetails.storyboard; sourceTree = "<group>"; };
		2C80E9E124CFD1AE00FEF03D /* MovieDetailsViewController.swift */ = {isa = PBXFileReference; lastKnownFileType = sourcecode.swift; path = MovieDetailsViewController.swift; sourceTree = "<group>"; };
		2C9F11E624CF837300652C19 /* MovieHomeCell.swift */ = {isa = PBXFileReference; lastKnownFileType = sourcecode.swift; path = MovieHomeCell.swift; sourceTree = "<group>"; };
		2CAA4F2224D070A300D1767F /* README.md */ = {isa = PBXFileReference; lastKnownFileType = net.daringfireball.markdown; path = README.md; sourceTree = "<group>"; };
		2CDEB44624CF446C00F2CDAC /* ConfigVariables.swift */ = {isa = PBXFileReference; lastKnownFileType = sourcecode.swift; path = ConfigVariables.swift; sourceTree = "<group>"; };
		2CDEB45224CF45BF00F2CDAC /* HomeMoviesViewController.swift */ = {isa = PBXFileReference; lastKnownFileType = sourcecode.swift; path = HomeMoviesViewController.swift; sourceTree = "<group>"; };
		2CDEB45424CF497D00F2CDAC /* MovieResponse.swift */ = {isa = PBXFileReference; lastKnownFileType = sourcecode.swift; path = MovieResponse.swift; sourceTree = "<group>"; };
		2CDEB45624CF4A3300F2CDAC /* Movie.swift */ = {isa = PBXFileReference; lastKnownFileType = sourcecode.swift; path = Movie.swift; sourceTree = "<group>"; };
		2CDEB45824CF4BA500F2CDAC /* MovieService.swift */ = {isa = PBXFileReference; lastKnownFileType = sourcecode.swift; path = MovieService.swift; sourceTree = "<group>"; };
		2CDEB45B24CF625B00F2CDAC /* MovieErrors.swift */ = {isa = PBXFileReference; lastKnownFileType = sourcecode.swift; path = MovieErrors.swift; sourceTree = "<group>"; };
		2CDEB45D24CF62A200F2CDAC /* MovieEndpoints.swift */ = {isa = PBXFileReference; lastKnownFileType = sourcecode.swift; path = MovieEndpoints.swift; sourceTree = "<group>"; };
		2CDEB46B24CF6E0900F2CDAC /* Comfortaa-SemiBold.ttf */ = {isa = PBXFileReference; lastKnownFileType = file; path = "Comfortaa-SemiBold.ttf"; sourceTree = "<group>"; };
		2CDEB46C24CF6E0900F2CDAC /* AirbnbCereal-Light.ttf */ = {isa = PBXFileReference; lastKnownFileType = file; path = "AirbnbCereal-Light.ttf"; sourceTree = "<group>"; };
		2CDEB46D24CF6E0900F2CDAC /* Comfortaa-Light.ttf */ = {isa = PBXFileReference; lastKnownFileType = file; path = "Comfortaa-Light.ttf"; sourceTree = "<group>"; };
		2CDEB46E24CF6E0900F2CDAC /* Comfortaa-Regular.ttf */ = {isa = PBXFileReference; lastKnownFileType = file; path = "Comfortaa-Regular.ttf"; sourceTree = "<group>"; };
		2CDEB46F24CF6E0900F2CDAC /* AirbnbCereal-Medium.ttf */ = {isa = PBXFileReference; lastKnownFileType = file; path = "AirbnbCereal-Medium.ttf"; sourceTree = "<group>"; };
		2CDEB47024CF6E0900F2CDAC /* Comfortaa-Bold.ttf */ = {isa = PBXFileReference; lastKnownFileType = file; path = "Comfortaa-Bold.ttf"; sourceTree = "<group>"; };
		2CDEB47124CF6E0900F2CDAC /* AirbnbCereal-Book.ttf */ = {isa = PBXFileReference; lastKnownFileType = file; path = "AirbnbCereal-Book.ttf"; sourceTree = "<group>"; };
		2CDEB47224CF6E0900F2CDAC /* Comfortaa-Medium.ttf */ = {isa = PBXFileReference; lastKnownFileType = file; path = "Comfortaa-Medium.ttf"; sourceTree = "<group>"; };
		2CDEB47324CF6E0900F2CDAC /* AirbnbCereal-Bold.ttf */ = {isa = PBXFileReference; lastKnownFileType = file; path = "AirbnbCereal-Bold.ttf"; sourceTree = "<group>"; };
		2CDEB47D24CF6E5B00F2CDAC /* Config.plist */ = {isa = PBXFileReference; fileEncoding = 4; lastKnownFileType = text.plist.xml; path = Config.plist; sourceTree = "<group>"; };
		2CE1CB3C24CF428A00F84918 /* FlixStream.app */ = {isa = PBXFileReference; explicitFileType = wrapper.application; includeInIndex = 0; path = FlixStream.app; sourceTree = BUILT_PRODUCTS_DIR; };
		2CE1CB3F24CF428A00F84918 /* AppDelegate.swift */ = {isa = PBXFileReference; lastKnownFileType = sourcecode.swift; path = AppDelegate.swift; sourceTree = "<group>"; };
		2CE1CB4124CF428A00F84918 /* SceneDelegate.swift */ = {isa = PBXFileReference; lastKnownFileType = sourcecode.swift; path = SceneDelegate.swift; sourceTree = "<group>"; };
		2CE1CB4524CF428A00F84918 /* SecondViewController.swift */ = {isa = PBXFileReference; lastKnownFileType = sourcecode.swift; path = SecondViewController.swift; sourceTree = "<group>"; };
		2CE1CB4824CF428A00F84918 /* Base */ = {isa = PBXFileReference; lastKnownFileType = file.storyboard; name = Base; path = Base.lproj/Main.storyboard; sourceTree = "<group>"; };
		2CE1CB4A24CF428D00F84918 /* Assets.xcassets */ = {isa = PBXFileReference; lastKnownFileType = folder.assetcatalog; path = Assets.xcassets; sourceTree = "<group>"; };
		2CE1CB4D24CF428D00F84918 /* Base */ = {isa = PBXFileReference; lastKnownFileType = file.storyboard; name = Base; path = Base.lproj/LaunchScreen.storyboard; sourceTree = "<group>"; };
		2CE1CB4F24CF428D00F84918 /* Info.plist */ = {isa = PBXFileReference; lastKnownFileType = text.plist.xml; path = Info.plist; sourceTree = "<group>"; };
		39C590E16ED070BF2F698469 /* Pods-FlixStream.release.xcconfig */ = {isa = PBXFileReference; includeInIndex = 1; lastKnownFileType = text.xcconfig; name = "Pods-FlixStream.release.xcconfig"; path = "Target Support Files/Pods-FlixStream/Pods-FlixStream.release.xcconfig"; sourceTree = "<group>"; };
/* End PBXFileReference section */

/* Begin PBXFrameworksBuildPhase section */
		2CE1CB3924CF428A00F84918 /* Frameworks */ = {
			isa = PBXFrameworksBuildPhase;
			buildActionMask = 2147483647;
			files = (
				E4700AD661B221E2E8FF2078 /* Pods_FlixStream.framework in Frameworks */,
			);
			runOnlyForDeploymentPostprocessing = 0;
		};
/* End PBXFrameworksBuildPhase section */

/* Begin PBXGroup section */
		2CDEB43524CF43D000F2CDAC /* Storyboards */ = {
			isa = PBXGroup;
			children = (
				2CE1CB4724CF428A00F84918 /* Main.storyboard */,
				2C80E9DF24CFCC7E00FEF03D /* MovieDetails.storyboard */,
			);
			path = Storyboards;
			sourceTree = "<group>";
		};
		2CDEB43624CF43DB00F2CDAC /* Models */ = {
			isa = PBXGroup;
			children = (
				2CDEB45624CF4A3300F2CDAC /* Movie.swift */,
				2CDEB45424CF497D00F2CDAC /* MovieResponse.swift */,
				2CDEB45B24CF625B00F2CDAC /* MovieErrors.swift */,
				2CDEB45D24CF62A200F2CDAC /* MovieEndpoints.swift */,
			);
			path = Models;
			sourceTree = "<group>";
		};
		2CDEB43724CF43E200F2CDAC /* Utilities */ = {
			isa = PBXGroup;
			children = (
				2CDEB46A24CF6DFD00F2CDAC /* fonts */,
				2CDEB44524CF446200F2CDAC /* Singletons */,
			);
			path = Utilities;
			sourceTree = "<group>";
		};
		2CDEB43824CF43EE00F2CDAC /* Views */ = {
			isa = PBXGroup;
			children = (
				2C9F11E624CF837300652C19 /* MovieHomeCell.swift */,
			);
			path = Views;
			sourceTree = "<group>";
		};
		2CDEB43924CF43F800F2CDAC /* Controllers */ = {
			isa = PBXGroup;
			children = (
				2CDEB45224CF45BF00F2CDAC /* HomeMoviesViewController.swift */,
				2C80E9E124CFD1AE00FEF03D /* MovieDetailsViewController.swift */,
			);
			path = Controllers;
			sourceTree = "<group>";
		};
		2CDEB43A24CF440000F2CDAC /* Managers */ = {
			isa = PBXGroup;
			children = (
				2CDEB45824CF4BA500F2CDAC /* MovieService.swift */,
			);
			path = Managers;
			sourceTree = "<group>";
		};
		2CDEB44524CF446200F2CDAC /* Singletons */ = {
			isa = PBXGroup;
			children = (
				2CDEB44624CF446C00F2CDAC /* ConfigVariables.swift */,
			);
			path = Singletons;
			sourceTree = "<group>";
		};
		2CDEB46A24CF6DFD00F2CDAC /* fonts */ = {
			isa = PBXGroup;
			children = (
				2CDEB47324CF6E0900F2CDAC /* AirbnbCereal-Bold.ttf */,
				2CDEB47124CF6E0900F2CDAC /* AirbnbCereal-Book.ttf */,
				2CDEB46C24CF6E0900F2CDAC /* AirbnbCereal-Light.ttf */,
				2CDEB46F24CF6E0900F2CDAC /* AirbnbCereal-Medium.ttf */,
				2CDEB47024CF6E0900F2CDAC /* Comfortaa-Bold.ttf */,
				2CDEB46D24CF6E0900F2CDAC /* Comfortaa-Light.ttf */,
				2CDEB47224CF6E0900F2CDAC /* Comfortaa-Medium.ttf */,
				2CDEB46E24CF6E0900F2CDAC /* Comfortaa-Regular.ttf */,
				2CDEB46B24CF6E0900F2CDAC /* Comfortaa-SemiBold.ttf */,
			);
			path = fonts;
			sourceTree = "<group>";
		};
		2CE1CB3324CF428A00F84918 = {
			isa = PBXGroup;
			children = (
				2CAA4F2224D070A300D1767F /* README.md */,
				2CE1CB3E24CF428A00F84918 /* FlixStream */,
				2CE1CB3D24CF428A00F84918 /* Products */,
				AA3099B70113C9CA285AECB9 /* Pods */,
				395EBED4C603617019DB6562 /* Frameworks */,
			);
			sourceTree = "<group>";
		};
		2CE1CB3D24CF428A00F84918 /* Products */ = {
			isa = PBXGroup;
			children = (
				2CE1CB3C24CF428A00F84918 /* FlixStream.app */,
			);
			name = Products;
			sourceTree = "<group>";
		};
		2CE1CB3E24CF428A00F84918 /* FlixStream */ = {
			isa = PBXGroup;
			children = (
				2CDEB43A24CF440000F2CDAC /* Managers */,
				2CDEB43924CF43F800F2CDAC /* Controllers */,
				2CDEB43824CF43EE00F2CDAC /* Views */,
				2CDEB43724CF43E200F2CDAC /* Utilities */,
				2CDEB43624CF43DB00F2CDAC /* Models */,
				2CDEB43524CF43D000F2CDAC /* Storyboards */,
				2CE1CB3F24CF428A00F84918 /* AppDelegate.swift */,
				2CE1CB4124CF428A00F84918 /* SceneDelegate.swift */,
				2CE1CB4524CF428A00F84918 /* SecondViewController.swift */,
				2CE1CB4A24CF428D00F84918 /* Assets.xcassets */,
				2CE1CB4C24CF428D00F84918 /* LaunchScreen.storyboard */,
				2CE1CB4F24CF428D00F84918 /* Info.plist */,
				2CDEB47D24CF6E5B00F2CDAC /* Config.plist */,
			);
			path = FlixStream;
			sourceTree = "<group>";
		};
		395EBED4C603617019DB6562 /* Frameworks */ = {
			isa = PBXGroup;
			children = (
				1E3B60484BCB5F7803414534 /* Pods_FlixStream.framework */,
			);
			name = Frameworks;
			sourceTree = "<group>";
		};
		AA3099B70113C9CA285AECB9 /* Pods */ = {
			isa = PBXGroup;
			children = (
				0EE7821E76CE7804854D1BB3 /* Pods-FlixStream.debug.xcconfig */,
				39C590E16ED070BF2F698469 /* Pods-FlixStream.release.xcconfig */,
			);
			path = Pods;
			sourceTree = "<group>";
		};
/* End PBXGroup section */

/* Begin PBXNativeTarget section */
		2CE1CB3B24CF428A00F84918 /* FlixStream */ = {
			isa = PBXNativeTarget;
			buildConfigurationList = 2CE1CB5224CF428D00F84918 /* Build configuration list for PBXNativeTarget "FlixStream" */;
			buildPhases = (
				913D81528213E092D51B1DD4 /* [CP] Check Pods Manifest.lock */,
				2CE1CB3824CF428A00F84918 /* Sources */,
				2CE1CB3924CF428A00F84918 /* Frameworks */,
				2CE1CB3A24CF428A00F84918 /* Resources */,
			);
			buildRules = (
			);
			dependencies = (
			);
			name = FlixStream;
			productName = FlixStream;
			productReference = 2CE1CB3C24CF428A00F84918 /* FlixStream.app */;
			productType = "com.apple.product-type.application";
		};
/* End PBXNativeTarget section */

/* Begin PBXProject section */
		2CE1CB3424CF428A00F84918 /* Project object */ = {
			isa = PBXProject;
			attributes = {
				LastSwiftUpdateCheck = 1160;
				LastUpgradeCheck = 1160;
				ORGANIZATIONNAME = "Habanero Studio";
				TargetAttributes = {
					2CE1CB3B24CF428A00F84918 = {
						CreatedOnToolsVersion = 11.6;
					};
				};
			};
			buildConfigurationList = 2CE1CB3724CF428A00F84918 /* Build configuration list for PBXProject "FlixStream" */;
			compatibilityVersion = "Xcode 9.3";
			developmentRegion = en;
			hasScannedForEncodings = 0;
			knownRegions = (
				en,
				Base,
			);
			mainGroup = 2CE1CB3324CF428A00F84918;
			productRefGroup = 2CE1CB3D24CF428A00F84918 /* Products */;
			projectDirPath = "";
			projectRoot = "";
			targets = (
				2CE1CB3B24CF428A00F84918 /* FlixStream */,
			);
		};
/* End PBXProject section */

/* Begin PBXResourcesBuildPhase section */
		2CE1CB3A24CF428A00F84918 /* Resources */ = {
			isa = PBXResourcesBuildPhase;
			buildActionMask = 2147483647;
			files = (
				2CDEB47424CF6E0900F2CDAC /* Comfortaa-SemiBold.ttf in Resources */,
				2CDEB47524CF6E0900F2CDAC /* AirbnbCereal-Light.ttf in Resources */,
				2C80E9E024CFCC7E00FEF03D /* MovieDetails.storyboard in Resources */,
				2CDEB47C24CF6E0900F2CDAC /* AirbnbCereal-Bold.ttf in Resources */,
				2CDEB47924CF6E0900F2CDAC /* Comfortaa-Bold.ttf in Resources */,
				2CDEB47824CF6E0900F2CDAC /* AirbnbCereal-Medium.ttf in Resources */,
				2CAA4F2324D070A300D1767F /* README.md in Resources */,
				2CDEB46824CF6D8400F2CDAC /* ConfigVariables.swift in Resources */,
				2CDEB47E24CF6E5B00F2CDAC /* Config.plist in Resources */,
				2CE1CB4E24CF428D00F84918 /* LaunchScreen.storyboard in Resources */,
				2CDEB47724CF6E0900F2CDAC /* Comfortaa-Regular.ttf in Resources */,
				2CDEB47624CF6E0900F2CDAC /* Comfortaa-Light.ttf in Resources */,
				2CE1CB4B24CF428D00F84918 /* Assets.xcassets in Resources */,
				2CE1CB4924CF428A00F84918 /* Main.storyboard in Resources */,
				2CDEB47B24CF6E0900F2CDAC /* Comfortaa-Medium.ttf in Resources */,
				2CDEB47A24CF6E0900F2CDAC /* AirbnbCereal-Book.ttf in Resources */,
			);
			runOnlyForDeploymentPostprocessing = 0;
		};
/* End PBXResourcesBuildPhase section */

/* Begin PBXShellScriptBuildPhase section */
		913D81528213E092D51B1DD4 /* [CP] Check Pods Manifest.lock */ = {
			isa = PBXShellScriptBuildPhase;
			buildActionMask = 2147483647;
			files = (
			);
			inputFileListPaths = (
			);
			inputPaths = (
				"${PODS_PODFILE_DIR_PATH}/Podfile.lock",
				"${PODS_ROOT}/Manifest.lock",
			);
			name = "[CP] Check Pods Manifest.lock";
			outputFileListPaths = (
			);
			outputPaths = (
				"$(DERIVED_FILE_DIR)/Pods-FlixStream-checkManifestLockResult.txt",
			);
			runOnlyForDeploymentPostprocessing = 0;
			shellPath = /bin/sh;
			shellScript = "diff \"${PODS_PODFILE_DIR_PATH}/Podfile.lock\" \"${PODS_ROOT}/Manifest.lock\" > /dev/null\nif [ $? != 0 ] ; then\n    # print error to STDERR\n    echo \"error: The sandbox is not in sync with the Podfile.lock. Run 'pod install' or update your CocoaPods installation.\" >&2\n    exit 1\nfi\n# This output is used by Xcode 'outputs' to avoid re-running this script phase.\necho \"SUCCESS\" > \"${SCRIPT_OUTPUT_FILE_0}\"\n";
			showEnvVarsInLog = 0;
		};
/* End PBXShellScriptBuildPhase section */

/* Begin PBXSourcesBuildPhase section */
		2CE1CB3824CF428A00F84918 /* Sources */ = {
			isa = PBXSourcesBuildPhase;
			buildActionMask = 2147483647;
			files = (
				2CDEB45A24CF4CF900F2CDAC /* ConfigVariables.swift in Sources */,
				2CDEB45524CF497D00F2CDAC /* MovieResponse.swift in Sources */,
				2C9F11E724CF837300652C19 /* MovieHomeCell.swift in Sources */,
				2CDEB45324CF45BF00F2CDAC /* HomeMoviesViewController.swift in Sources */,
				2CDEB45724CF4A3300F2CDAC /* Movie.swift in Sources */,
				2CE1CB4624CF428A00F84918 /* SecondViewController.swift in Sources */,
				2CE1CB4024CF428A00F84918 /* AppDelegate.swift in Sources */,
				2CE1CB4224CF428A00F84918 /* SceneDelegate.swift in Sources */,
				2C80E9E224CFD1AE00FEF03D /* MovieDetailsViewController.swift in Sources */,
				2CDEB45E24CF62A200F2CDAC /* MovieEndpoints.swift in Sources */,
				2CDEB45924CF4BA500F2CDAC /* MovieService.swift in Sources */,
				2CDEB45C24CF625B00F2CDAC /* MovieErrors.swift in Sources */,
			);
			runOnlyForDeploymentPostprocessing = 0;
		};
/* End PBXSourcesBuildPhase section */

/* Begin PBXVariantGroup section */
		2CE1CB4724CF428A00F84918 /* Main.storyboard */ = {
			isa = PBXVariantGroup;
			children = (
				2CE1CB4824CF428A00F84918 /* Base */,
			);
			name = Main.storyboard;
			sourceTree = "<group>";
		};
		2CE1CB4C24CF428D00F84918 /* LaunchScreen.storyboard */ = {
			isa = PBXVariantGroup;
			children = (
				2CE1CB4D24CF428D00F84918 /* Base */,
			);
			name = LaunchScreen.storyboard;
			sourceTree = "<group>";
		};
/* End PBXVariantGroup section */

/* Begin XCBuildConfiguration section */
		2CE1CB5024CF428D00F84918 /* Debug */ = {
			isa = XCBuildConfiguration;
			buildSettings = {
				ALWAYS_SEARCH_USER_PATHS = NO;
				CLANG_ANALYZER_NONNULL = YES;
				CLANG_ANALYZER_NUMBER_OBJECT_CONVERSION = YES_AGGRESSIVE;
				CLANG_CXX_LANGUAGE_STANDARD = "gnu++14";
				CLANG_CXX_LIBRARY = "libc++";
				CLANG_ENABLE_MODULES = YES;
				CLANG_ENABLE_OBJC_ARC = YES;
				CLANG_ENABLE_OBJC_WEAK = YES;
				CLANG_WARN_BLOCK_CAPTURE_AUTORELEASING = YES;
				CLANG_WARN_BOOL_CONVERSION = YES;
				CLANG_WARN_COMMA = YES;
				CLANG_WARN_CONSTANT_CONVERSION = YES;
				CLANG_WARN_DEPRECATED_OBJC_IMPLEMENTATIONS = YES;
				CLANG_WARN_DIRECT_OBJC_ISA_USAGE = YES_ERROR;
				CLANG_WARN_DOCUMENTATION_COMMENTS = YES;
				CLANG_WARN_EMPTY_BODY = YES;
				CLANG_WARN_ENUM_CONVERSION = YES;
				CLANG_WARN_INFINITE_RECURSION = YES;
				CLANG_WARN_INT_CONVERSION = YES;
				CLANG_WARN_NON_LITERAL_NULL_CONVERSION = YES;
				CLANG_WARN_OBJC_IMPLICIT_RETAIN_SELF = YES;
				CLANG_WARN_OBJC_LITERAL_CONVERSION = YES;
				CLANG_WARN_OBJC_ROOT_CLASS = YES_ERROR;
				CLANG_WARN_RANGE_LOOP_ANALYSIS = YES;
				CLANG_WARN_STRICT_PROTOTYPES = YES;
				CLANG_WARN_SUSPICIOUS_MOVE = YES;
				CLANG_WARN_UNGUARDED_AVAILABILITY = YES_AGGRESSIVE;
				CLANG_WARN_UNREACHABLE_CODE = YES;
				CLANG_WARN__DUPLICATE_METHOD_MATCH = YES;
				COPY_PHASE_STRIP = NO;
				DEBUG_INFORMATION_FORMAT = dwarf;
				ENABLE_STRICT_OBJC_MSGSEND = YES;
				ENABLE_TESTABILITY = YES;
				GCC_C_LANGUAGE_STANDARD = gnu11;
				GCC_DYNAMIC_NO_PIC = NO;
				GCC_NO_COMMON_BLOCKS = YES;
				GCC_OPTIMIZATION_LEVEL = 0;
				GCC_PREPROCESSOR_DEFINITIONS = (
					"DEBUG=1",
					"$(inherited)",
				);
				GCC_WARN_64_TO_32_BIT_CONVERSION = YES;
				GCC_WARN_ABOUT_RETURN_TYPE = YES_ERROR;
				GCC_WARN_UNDECLARED_SELECTOR = YES;
				GCC_WARN_UNINITIALIZED_AUTOS = YES_AGGRESSIVE;
				GCC_WARN_UNUSED_FUNCTION = YES;
				GCC_WARN_UNUSED_VARIABLE = YES;
				IPHONEOS_DEPLOYMENT_TARGET = 13.6;
				MTL_ENABLE_DEBUG_INFO = INCLUDE_SOURCE;
				MTL_FAST_MATH = YES;
				ONLY_ACTIVE_ARCH = YES;
				SDKROOT = iphoneos;
				SWIFT_ACTIVE_COMPILATION_CONDITIONS = DEBUG;
				SWIFT_OPTIMIZATION_LEVEL = "-Onone";
			};
			name = Debug;
		};
		2CE1CB5124CF428D00F84918 /* Release */ = {
			isa = XCBuildConfiguration;
			buildSettings = {
				ALWAYS_SEARCH_USER_PATHS = NO;
				CLANG_ANALYZER_NONNULL = YES;
				CLANG_ANALYZER_NUMBER_OBJECT_CONVERSION = YES_AGGRESSIVE;
				CLANG_CXX_LANGUAGE_STANDARD = "gnu++14";
				CLANG_CXX_LIBRARY = "libc++";
				CLANG_ENABLE_MODULES = YES;
				CLANG_ENABLE_OBJC_ARC = YES;
				CLANG_ENABLE_OBJC_WEAK = YES;
				CLANG_WARN_BLOCK_CAPTURE_AUTORELEASING = YES;
				CLANG_WARN_BOOL_CONVERSION = YES;
				CLANG_WARN_COMMA = YES;
				CLANG_WARN_CONSTANT_CONVERSION = YES;
				CLANG_WARN_DEPRECATED_OBJC_IMPLEMENTATIONS = YES;
				CLANG_WARN_DIRECT_OBJC_ISA_USAGE = YES_ERROR;
				CLANG_WARN_DOCUMENTATION_COMMENTS = YES;
				CLANG_WARN_EMPTY_BODY = YES;
				CLANG_WARN_ENUM_CONVERSION = YES;
				CLANG_WARN_INFINITE_RECURSION = YES;
				CLANG_WARN_INT_CONVERSION = YES;
				CLANG_WARN_NON_LITERAL_NULL_CONVERSION = YES;
				CLANG_WARN_OBJC_IMPLICIT_RETAIN_SELF = YES;
				CLANG_WARN_OBJC_LITERAL_CONVERSION = YES;
				CLANG_WARN_OBJC_ROOT_CLASS = YES_ERROR;
				CLANG_WARN_RANGE_LOOP_ANALYSIS = YES;
				CLANG_WARN_STRICT_PROTOTYPES = YES;
				CLANG_WARN_SUSPICIOUS_MOVE = YES;
				CLANG_WARN_UNGUARDED_AVAILABILITY = YES_AGGRESSIVE;
				CLANG_WARN_UNREACHABLE_CODE = YES;
				CLANG_WARN__DUPLICATE_METHOD_MATCH = YES;
				COPY_PHASE_STRIP = NO;
				DEBUG_INFORMATION_FORMAT = "dwarf-with-dsym";
				ENABLE_NS_ASSERTIONS = NO;
				ENABLE_STRICT_OBJC_MSGSEND = YES;
				GCC_C_LANGUAGE_STANDARD = gnu11;
				GCC_NO_COMMON_BLOCKS = YES;
				GCC_WARN_64_TO_32_BIT_CONVERSION = YES;
				GCC_WARN_ABOUT_RETURN_TYPE = YES_ERROR;
				GCC_WARN_UNDECLARED_SELECTOR = YES;
				GCC_WARN_UNINITIALIZED_AUTOS = YES_AGGRESSIVE;
				GCC_WARN_UNUSED_FUNCTION = YES;
				GCC_WARN_UNUSED_VARIABLE = YES;
				IPHONEOS_DEPLOYMENT_TARGET = 13.6;
				MTL_ENABLE_DEBUG_INFO = NO;
				MTL_FAST_MATH = YES;
				SDKROOT = iphoneos;
				SWIFT_COMPILATION_MODE = wholemodule;
				SWIFT_OPTIMIZATION_LEVEL = "-O";
				VALIDATE_PRODUCT = YES;
			};
			name = Release;
		};
		2CE1CB5324CF428D00F84918 /* Debug */ = {
			isa = XCBuildConfiguration;
			baseConfigurationReference = 0EE7821E76CE7804854D1BB3 /* Pods-FlixStream.debug.xcconfig */;
			buildSettings = {
				ASSETCATALOG_COMPILER_APPICON_NAME = AppIcon;
				CODE_SIGN_STYLE = Automatic;
				DEVELOPMENT_TEAM = E6WJ3AYLU2;
				INFOPLIST_FILE = FlixStream/Info.plist;
				LD_RUNPATH_SEARCH_PATHS = (
					"$(inherited)",
					"@executable_path/Frameworks",
				);
				PRODUCT_BUNDLE_IDENTIFIER = ca.habanerostudio.FlixStream;
				PRODUCT_NAME = "$(TARGET_NAME)";
				SWIFT_VERSION = 5.0;
				TARGETED_DEVICE_FAMILY = 1;
			};
			name = Debug;
		};
		2CE1CB5424CF428D00F84918 /* Release */ = {
			isa = XCBuildConfiguration;
			baseConfigurationReference = 39C590E16ED070BF2F698469 /* Pods-FlixStream.release.xcconfig */;
			buildSettings = {
				ASSETCATALOG_COMPILER_APPICON_NAME = AppIcon;
				CODE_SIGN_STYLE = Automatic;
				DEVELOPMENT_TEAM = E6WJ3AYLU2;
				INFOPLIST_FILE = FlixStream/Info.plist;
				LD_RUNPATH_SEARCH_PATHS = (
					"$(inherited)",
					"@executable_path/Frameworks",
				);
				PRODUCT_BUNDLE_IDENTIFIER = ca.habanerostudio.FlixStream;
				PRODUCT_NAME = "$(TARGET_NAME)";
				SWIFT_VERSION = 5.0;
				TARGETED_DEVICE_FAMILY = 1;
			};
			name = Release;
		};
/* End XCBuildConfiguration section */

/* Begin XCConfigurationList section */
		2CE1CB3724CF428A00F84918 /* Build configuration list for PBXProject "FlixStream" */ = {
			isa = XCConfigurationList;
			buildConfigurations = (
				2CE1CB5024CF428D00F84918 /* Debug */,
				2CE1CB5124CF428D00F84918 /* Release */,
			);
			defaultConfigurationIsVisible = 0;
			defaultConfigurationName = Release;
		};
		2CE1CB5224CF428D00F84918 /* Build configuration list for PBXNativeTarget "FlixStream" */ = {
			isa = XCConfigurationList;
			buildConfigurations = (
				2CE1CB5324CF428D00F84918 /* Debug */,
				2CE1CB5424CF428D00F84918 /* Release */,
			);
			defaultConfigurationIsVisible = 0;
			defaultConfigurationName = Release;
		};
/* End XCConfigurationList section */
	};
	rootObject = 2CE1CB3424CF428A00F84918 /* Project object */;
}
